
Microsoft Visual Studio Solution File, Format Version 12.00
# Visual Studio Version 17
VisualStudioVersion = 17.9.34902.65
MinimumVisualStudioVersion = 10.0.40219.1
Project("{FAE04EC0-301F-11D3-BF4B-00C04F79EFBC}") = "TicTacToe.Server", "TicTacToe.Server\TicTacToe.Server.csproj", "{D28B9E29-FB33-4F1D-805A-550D3A57064C}"
EndProject
Project("{54A90642-561A-4BB1-A94E-469ADEE60C69}") = "tictactoe.client", "tictactoe.client\tictactoe.client.esproj", "{5D6C9365-D397-4E12-8538-C1BFB45E7899}"
EndProject
Project("{FAE04EC0-301F-11D3-BF4B-00C04F79EFBC}") = "Domain", "Domain\Domain.csproj", "{384ECB04-B510-4442-8B44-37B7EABD3137}"
EndProject
Project("{FAE04EC0-301F-11D3-BF4B-00C04F79EFBC}") = "DataAccess.EFCore", "DataAccess.EFCore\DataAccess.EFCore.csproj", "{F90B6966-8F56-4D04-ADDB-76EA2C888E98}"
EndProject
Global
	GlobalSection(SolutionConfigurationPlatforms) = preSolution
		Debug|Any CPU = Debug|Any CPU
		Release|Any CPU = Release|Any CPU
	EndGlobalSection
	GlobalSection(ProjectConfigurationPlatforms) = postSolution
		{D28B9E29-FB33-4F1D-805A-550D3A57064C}.Debug|Any CPU.ActiveCfg = Debug|Any CPU
		{D28B9E29-FB33-4F1D-805A-550D3A57064C}.Debug|Any CPU.Build.0 = Debug|Any CPU
		{D28B9E29-FB33-4F1D-805A-550D3A57064C}.Release|Any CPU.ActiveCfg = Release|Any CPU
		{D28B9E29-FB33-4F1D-805A-550D3A57064C}.Release|Any CPU.Build.0 = Release|Any CPU
		{5D6C9365-D397-4E12-8538-C1BFB45E7899}.Debug|Any CPU.ActiveCfg = Debug|Any CPU
		{5D6C9365-D397-4E12-8538-C1BFB45E7899}.Debug|Any CPU.Build.0 = Debug|Any CPU
		{5D6C9365-D397-4E12-8538-C1BFB45E7899}.Debug|Any CPU.Deploy.0 = Debug|Any CPU
		{5D6C9365-D397-4E12-8538-C1BFB45E7899}.Release|Any CPU.ActiveCfg = Release|Any CPU
		{5D6C9365-D397-4E12-8538-C1BFB45E7899}.Release|Any CPU.Build.0 = Release|Any CPU
		{5D6C9365-D397-4E12-8538-C1BFB45E7899}.Release|Any CPU.Deploy.0 = Release|Any CPU
		{384ECB04-B510-4442-8B44-37B7EABD3137}.Debug|Any CPU.ActiveCfg = Debug|Any CPU
		{384ECB04-B510-4442-8B44-37B7EABD3137}.Debug|Any CPU.Build.0 = Debug|Any CPU
		{384ECB04-B510-4442-8B44-37B7EABD3137}.Release|Any CPU.ActiveCfg = Release|Any CPU
		{384ECB04-B510-4442-8B44-37B7EABD3137}.Release|Any CPU.Build.0 = Release|Any CPU
		{F90B6966-8F56-4D04-ADDB-76EA2C888E98}.Debug|Any CPU.ActiveCfg = Debug|Any CPU
		{F90B6966-8F56-4D04-ADDB-76EA2C888E98}.Debug|Any CPU.Build.0 = Debug|Any CPU
		{F90B6966-8F56-4D04-ADDB-76EA2C888E98}.Release|Any CPU.ActiveCfg = Release|Any CPU
		{F90B6966-8F56-4D04-ADDB-76EA2C888E98}.Release|Any CPU.Build.0 = Release|Any CPU
	EndGlobalSection
	GlobalSection(SolutionProperties) = preSolution
		HideSolutionNode = FALSE
	EndGlobalSection
	GlobalSection(ExtensibilityGlobals) = postSolution
		SolutionGuid = {400A3D32-4C4F-480E-8840-8AD4E65AE656}
	EndGlobalSection
EndGlobal
